
Microsoft Visual Studio Solution File, Format Version 12.00
# Visual Studio Version 16
VisualStudioVersion = 16.0.32407.337
MinimumVisualStudioVersion = 10.0.40219.1
Project("{9A19103F-16F7-4668-BE54-9A1E7A4F7556}") = "cSharpPractice", "cSharpPractice\cSharpPractice.csproj", "{239C67FF-73FC-4E81-B21D-B7DED334A5BB}"
EndProject
Project("{9A19103F-16F7-4668-BE54-9A1E7A4F7556}") = "Switch-Case", "Switch-Case\Switch-Case.csproj", "{28D6419E-5A2B-4926-B5A2-1A1C638F68D9}"
EndProject
Project("{9A19103F-16F7-4668-BE54-9A1E7A4F7556}") = "For-Loop", "For-Loop\For-Loop.csproj", "{A9503FC4-76A8-4443-90D4-B4F209450D72}"
EndProject
Project("{9A19103F-16F7-4668-BE54-9A1E7A4F7556}") = "while-foreach", "while-foreach\while-foreach.csproj", "{DD379DE3-425E-4A5F-82CF-F57B432979D0}"
EndProject
Project("{9A19103F-16F7-4668-BE54-9A1E7A4F7556}") = "diziler", "diziler\diziler.csproj", "{FEFB821C-0737-4BF9-99AD-12AE66FFF290}"
EndProject
Project("{9A19103F-16F7-4668-BE54-9A1E7A4F7556}") = "diziler-array", "diziler-array\diziler-array.csproj", "{3FD6C9AC-97C6-4D35-A7FB-1A980A7EB2CD}"
EndProject
Project("{9A19103F-16F7-4668-BE54-9A1E7A4F7556}") = "methodlar", "methodlar\methodlar.csproj", "{58FE0D2B-BB32-4CA2-B0FF-E1DC783BE5E6}"
EndProject
Project("{FAE04EC0-301F-11D3-BF4B-00C04F79EFBC}") = "metodOverloading", "metodOverloading\metodOverloading.csproj", "{D19E54B6-ADC6-4983-8875-3543403A047E}"
EndProject
Project("{FAE04EC0-301F-11D3-BF4B-00C04F79EFBC}") = "recursive-extension", "recursive-extension\recursive-extension.csproj", "{188BE644-D780-4C4B-8C4A-06F18A4C78D2}"
EndProject
Global
	GlobalSection(SolutionConfigurationPlatforms) = preSolution
		Debug|Any CPU = Debug|Any CPU
		Release|Any CPU = Release|Any CPU
	EndGlobalSection
	GlobalSection(ProjectConfigurationPlatforms) = postSolution
		{239C67FF-73FC-4E81-B21D-B7DED334A5BB}.Debug|Any CPU.ActiveCfg = Debug|Any CPU
		{239C67FF-73FC-4E81-B21D-B7DED334A5BB}.Debug|Any CPU.Build.0 = Debug|Any CPU
		{239C67FF-73FC-4E81-B21D-B7DED334A5BB}.Release|Any CPU.ActiveCfg = Release|Any CPU
		{239C67FF-73FC-4E81-B21D-B7DED334A5BB}.Release|Any CPU.Build.0 = Release|Any CPU
		{28D6419E-5A2B-4926-B5A2-1A1C638F68D9}.Debug|Any CPU.ActiveCfg = Debug|Any CPU
		{28D6419E-5A2B-4926-B5A2-1A1C638F68D9}.Debug|Any CPU.Build.0 = Debug|Any CPU
		{28D6419E-5A2B-4926-B5A2-1A1C638F68D9}.Release|Any CPU.ActiveCfg = Release|Any CPU
		{28D6419E-5A2B-4926-B5A2-1A1C638F68D9}.Release|Any CPU.Build.0 = Release|Any CPU
		{A9503FC4-76A8-4443-90D4-B4F209450D72}.Debug|Any CPU.ActiveCfg = Debug|Any CPU
		{A9503FC4-76A8-4443-90D4-B4F209450D72}.Debug|Any CPU.Build.0 = Debug|Any CPU
		{A9503FC4-76A8-4443-90D4-B4F209450D72}.Release|Any CPU.ActiveCfg = Release|Any CPU
		{A9503FC4-76A8-4443-90D4-B4F209450D72}.Release|Any CPU.Build.0 = Release|Any CPU
		{DD379DE3-425E-4A5F-82CF-F57B432979D0}.Debug|Any CPU.ActiveCfg = Debug|Any CPU
		{DD379DE3-425E-4A5F-82CF-F57B432979D0}.Debug|Any CPU.Build.0 = Debug|Any CPU
		{DD379DE3-425E-4A5F-82CF-F57B432979D0}.Release|Any CPU.ActiveCfg = Release|Any CPU
		{DD379DE3-425E-4A5F-82CF-F57B432979D0}.Release|Any CPU.Build.0 = Release|Any CPU
		{FEFB821C-0737-4BF9-99AD-12AE66FFF290}.Debug|Any CPU.ActiveCfg = Debug|Any CPU
		{FEFB821C-0737-4BF9-99AD-12AE66FFF290}.Debug|Any CPU.Build.0 = Debug|Any CPU
		{FEFB821C-0737-4BF9-99AD-12AE66FFF290}.Release|Any CPU.ActiveCfg = Release|Any CPU
		{FEFB821C-0737-4BF9-99AD-12AE66FFF290}.Release|Any CPU.Build.0 = Release|Any CPU
		{3FD6C9AC-97C6-4D35-A7FB-1A980A7EB2CD}.Debug|Any CPU.ActiveCfg = Debug|Any CPU
		{3FD6C9AC-97C6-4D35-A7FB-1A980A7EB2CD}.Debug|Any CPU.Build.0 = Debug|Any CPU
		{3FD6C9AC-97C6-4D35-A7FB-1A980A7EB2CD}.Release|Any CPU.ActiveCfg = Release|Any CPU
		{3FD6C9AC-97C6-4D35-A7FB-1A980A7EB2CD}.Release|Any CPU.Build.0 = Release|Any CPU
		{58FE0D2B-BB32-4CA2-B0FF-E1DC783BE5E6}.Debug|Any CPU.ActiveCfg = Debug|Any CPU
		{58FE0D2B-BB32-4CA2-B0FF-E1DC783BE5E6}.Debug|Any CPU.Build.0 = Debug|Any CPU
		{58FE0D2B-BB32-4CA2-B0FF-E1DC783BE5E6}.Release|Any CPU.ActiveCfg = Release|Any CPU
		{58FE0D2B-BB32-4CA2-B0FF-E1DC783BE5E6}.Release|Any CPU.Build.0 = Release|Any CPU
		{D19E54B6-ADC6-4983-8875-3543403A047E}.Debug|Any CPU.ActiveCfg = Debug|Any CPU
		{D19E54B6-ADC6-4983-8875-3543403A047E}.Debug|Any CPU.Build.0 = Debug|Any CPU
		{D19E54B6-ADC6-4983-8875-3543403A047E}.Release|Any CPU.ActiveCfg = Release|Any CPU
		{D19E54B6-ADC6-4983-8875-3543403A047E}.Release|Any CPU.Build.0 = Release|Any CPU
		{188BE644-D780-4C4B-8C4A-06F18A4C78D2}.Debug|Any CPU.ActiveCfg = Debug|Any CPU
		{188BE644-D780-4C4B-8C4A-06F18A4C78D2}.Debug|Any CPU.Build.0 = Debug|Any CPU
		{188BE644-D780-4C4B-8C4A-06F18A4C78D2}.Release|Any CPU.ActiveCfg = Release|Any CPU
		{188BE644-D780-4C4B-8C4A-06F18A4C78D2}.Release|Any CPU.Build.0 = Release|Any CPU
	EndGlobalSection
	GlobalSection(SolutionProperties) = preSolution
		HideSolutionNode = FALSE
	EndGlobalSection
	GlobalSection(ExtensibilityGlobals) = postSolution
		SolutionGuid = {7A8E7754-EC5D-4625-B333-623078A8AC3B}
	EndGlobalSection
EndGlobal
